
Microsoft Visual Studio Solution File, Format Version 12.00
Project("{FAE04EC0-301F-11D3-BF4B-00C04F79EFBC}") = "L01_Intro", "L01_Intro\L01_Intro.csproj", "{01792DBC-A881-454E-9AAE-95D4B8EFE2D1}"
EndProject
Project("{FAE04EC0-301F-11D3-BF4B-00C04F79EFBC}") = "L03_Objektorientering", "L03_Objektorientering\L03_Objektorientering.csproj", "{1CCB8D87-7333-4AD6-9301-7B315B7F5072}"
EndProject
Project("{FAE04EC0-301F-11D3-BF4B-00C04F79EFBC}") = "L01_Intro.Library", "L01_Intro.Library\L01_Intro.Library.csproj", "{54599A22-41CA-4F87-87CB-0DDEED0720A4}"
EndProject
Project("{FAE04EC0-301F-11D3-BF4B-00C04F79EFBC}") = "L02_Sprogkonstruktioner", "L02_Sprogkonstruktioner\L02_Sprogkonstruktioner.csproj", "{E2C808CA-BD76-4EF9-BBA1-26C3D9BCBB65}"
EndProject
Project("{FAE04EC0-301F-11D3-BF4B-00C04F79EFBC}") = "L04_Delegates", "L04_Delegates\L04_Delegates.csproj", "{C99D2A3E-6FB0-4A92-8AA4-8E36EF3DACF0}"
EndProject
Project("{FAE04EC0-301F-11D3-BF4B-00C04F79EFBC}") = "L04_Delegates_4.7", "L04_Delegates_4.7\L04_Delegates_4.7.csproj", "{723E1916-BA1D-4573-BE01-213A9CB10DD0}"
EndProject
Project("{FAE04EC0-301F-11D3-BF4B-00C04F79EFBC}") = "L05_LINQ_5.1_5.2", "L05_LINQ_5.1_5.2\L05_LINQ_5.1_5.2.csproj", "{FD603CF7-31BF-4D80-9653-8F1B112117CD}"
EndProject
Project("{FAE04EC0-301F-11D3-BF4B-00C04F79EFBC}") = "L05_LINQ_5.3_5.12", "L05_LINQ_5.3_5.12\L05_LINQ_5.3_5.12.csproj", "{3121ACBC-0414-43D0-A82A-2E0C3255A27A}"
EndProject
Project("{FAE04EC0-301F-11D3-BF4B-00C04F79EFBC}") = "L06_MVC1", "L06_MVC1\L06_MVC1.csproj", "{C3FFAE00-1E89-4B13-8096-92220B1DEA5E}"
EndProject
Project("{FAE04EC0-301F-11D3-BF4B-00C04F79EFBC}") = "L06_Exercises", "L06_Exercises\L06_Exercises.csproj", "{DF81CFCA-1D76-4E09-BF77-65C04EC20000}"
EndProject
Project("{FAE04EC0-301F-11D3-BF4B-00C04F79EFBC}") = "L06_Exercise3", "L06_Exercise3\L06_Exercise3.csproj", "{2FAB186C-0C7A-466D-8726-DBA975573C9F}"
EndProject
Project("{FAE04EC0-301F-11D3-BF4B-00C04F79EFBC}") = "L07_HTML_helpers", "L07_HTML_helpers\L07_HTML_helpers.csproj", "{D1295A02-E2DB-4F4C-92F8-48B99917B794}"
EndProject
Project("{FAE04EC0-301F-11D3-BF4B-00C04F79EFBC}") = "L08_Layouts_Sections", "L08_Layouts_Sections\L08_Layouts_Sections.csproj", "{2CB82152-DDDA-4219-8A04-D7866EEFDB9E}"
EndProject
Project("{FAE04EC0-301F-11D3-BF4B-00C04F79EFBC}") = "L08_PartialView_ViewComponent", "L08_PartialView_ViewComponent\L08_PartialView_ViewComponent.csproj", "{32E5F202-EA99-4ED3-81E7-D44052661406}"
EndProject
Project("{FAE04EC0-301F-11D3-BF4B-00C04F79EFBC}") = "L09_Validation", "L09_Validation\L09_Validation.csproj", "{D3488A3F-466A-4740-A645-43FCC7DE7BAA}"
EndProject
Global
	GlobalSection(SolutionConfigurationPlatforms) = preSolution
		Debug|Any CPU = Debug|Any CPU
		Release|Any CPU = Release|Any CPU
	EndGlobalSection
	GlobalSection(ProjectConfigurationPlatforms) = postSolution
		{01792DBC-A881-454E-9AAE-95D4B8EFE2D1}.Debug|Any CPU.ActiveCfg = Debug|Any CPU
		{01792DBC-A881-454E-9AAE-95D4B8EFE2D1}.Debug|Any CPU.Build.0 = Debug|Any CPU
		{01792DBC-A881-454E-9AAE-95D4B8EFE2D1}.Release|Any CPU.ActiveCfg = Release|Any CPU
		{01792DBC-A881-454E-9AAE-95D4B8EFE2D1}.Release|Any CPU.Build.0 = Release|Any CPU
		{1CCB8D87-7333-4AD6-9301-7B315B7F5072}.Debug|Any CPU.ActiveCfg = Debug|Any CPU
		{1CCB8D87-7333-4AD6-9301-7B315B7F5072}.Debug|Any CPU.Build.0 = Debug|Any CPU
		{1CCB8D87-7333-4AD6-9301-7B315B7F5072}.Release|Any CPU.ActiveCfg = Release|Any CPU
		{1CCB8D87-7333-4AD6-9301-7B315B7F5072}.Release|Any CPU.Build.0 = Release|Any CPU
		{54599A22-41CA-4F87-87CB-0DDEED0720A4}.Debug|Any CPU.ActiveCfg = Debug|Any CPU
		{54599A22-41CA-4F87-87CB-0DDEED0720A4}.Debug|Any CPU.Build.0 = Debug|Any CPU
		{54599A22-41CA-4F87-87CB-0DDEED0720A4}.Release|Any CPU.ActiveCfg = Release|Any CPU
		{54599A22-41CA-4F87-87CB-0DDEED0720A4}.Release|Any CPU.Build.0 = Release|Any CPU
		{E2C808CA-BD76-4EF9-BBA1-26C3D9BCBB65}.Debug|Any CPU.ActiveCfg = Debug|Any CPU
		{E2C808CA-BD76-4EF9-BBA1-26C3D9BCBB65}.Debug|Any CPU.Build.0 = Debug|Any CPU
		{E2C808CA-BD76-4EF9-BBA1-26C3D9BCBB65}.Release|Any CPU.ActiveCfg = Release|Any CPU
		{E2C808CA-BD76-4EF9-BBA1-26C3D9BCBB65}.Release|Any CPU.Build.0 = Release|Any CPU
		{C99D2A3E-6FB0-4A92-8AA4-8E36EF3DACF0}.Debug|Any CPU.ActiveCfg = Debug|Any CPU
		{C99D2A3E-6FB0-4A92-8AA4-8E36EF3DACF0}.Debug|Any CPU.Build.0 = Debug|Any CPU
		{C99D2A3E-6FB0-4A92-8AA4-8E36EF3DACF0}.Release|Any CPU.ActiveCfg = Release|Any CPU
		{C99D2A3E-6FB0-4A92-8AA4-8E36EF3DACF0}.Release|Any CPU.Build.0 = Release|Any CPU
		{723E1916-BA1D-4573-BE01-213A9CB10DD0}.Debug|Any CPU.ActiveCfg = Debug|Any CPU
		{723E1916-BA1D-4573-BE01-213A9CB10DD0}.Debug|Any CPU.Build.0 = Debug|Any CPU
		{723E1916-BA1D-4573-BE01-213A9CB10DD0}.Release|Any CPU.ActiveCfg = Release|Any CPU
		{723E1916-BA1D-4573-BE01-213A9CB10DD0}.Release|Any CPU.Build.0 = Release|Any CPU
		{FD603CF7-31BF-4D80-9653-8F1B112117CD}.Debug|Any CPU.ActiveCfg = Debug|Any CPU
		{FD603CF7-31BF-4D80-9653-8F1B112117CD}.Debug|Any CPU.Build.0 = Debug|Any CPU
		{FD603CF7-31BF-4D80-9653-8F1B112117CD}.Release|Any CPU.ActiveCfg = Release|Any CPU
		{FD603CF7-31BF-4D80-9653-8F1B112117CD}.Release|Any CPU.Build.0 = Release|Any CPU
		{3121ACBC-0414-43D0-A82A-2E0C3255A27A}.Debug|Any CPU.ActiveCfg = Debug|Any CPU
		{3121ACBC-0414-43D0-A82A-2E0C3255A27A}.Debug|Any CPU.Build.0 = Debug|Any CPU
		{3121ACBC-0414-43D0-A82A-2E0C3255A27A}.Release|Any CPU.ActiveCfg = Release|Any CPU
		{3121ACBC-0414-43D0-A82A-2E0C3255A27A}.Release|Any CPU.Build.0 = Release|Any CPU
		{C3FFAE00-1E89-4B13-8096-92220B1DEA5E}.Debug|Any CPU.ActiveCfg = Debug|Any CPU
		{C3FFAE00-1E89-4B13-8096-92220B1DEA5E}.Debug|Any CPU.Build.0 = Debug|Any CPU
		{C3FFAE00-1E89-4B13-8096-92220B1DEA5E}.Release|Any CPU.ActiveCfg = Release|Any CPU
		{C3FFAE00-1E89-4B13-8096-92220B1DEA5E}.Release|Any CPU.Build.0 = Release|Any CPU
		{DF81CFCA-1D76-4E09-BF77-65C04EC20000}.Debug|Any CPU.ActiveCfg = Debug|Any CPU
		{DF81CFCA-1D76-4E09-BF77-65C04EC20000}.Debug|Any CPU.Build.0 = Debug|Any CPU
		{DF81CFCA-1D76-4E09-BF77-65C04EC20000}.Release|Any CPU.ActiveCfg = Release|Any CPU
		{DF81CFCA-1D76-4E09-BF77-65C04EC20000}.Release|Any CPU.Build.0 = Release|Any CPU
		{2FAB186C-0C7A-466D-8726-DBA975573C9F}.Debug|Any CPU.ActiveCfg = Debug|Any CPU
		{2FAB186C-0C7A-466D-8726-DBA975573C9F}.Debug|Any CPU.Build.0 = Debug|Any CPU
		{2FAB186C-0C7A-466D-8726-DBA975573C9F}.Release|Any CPU.ActiveCfg = Release|Any CPU
		{2FAB186C-0C7A-466D-8726-DBA975573C9F}.Release|Any CPU.Build.0 = Release|Any CPU
		{D1295A02-E2DB-4F4C-92F8-48B99917B794}.Debug|Any CPU.ActiveCfg = Debug|Any CPU
		{D1295A02-E2DB-4F4C-92F8-48B99917B794}.Debug|Any CPU.Build.0 = Debug|Any CPU
		{D1295A02-E2DB-4F4C-92F8-48B99917B794}.Release|Any CPU.ActiveCfg = Release|Any CPU
		{D1295A02-E2DB-4F4C-92F8-48B99917B794}.Release|Any CPU.Build.0 = Release|Any CPU
		{2CB82152-DDDA-4219-8A04-D7866EEFDB9E}.Debug|Any CPU.ActiveCfg = Debug|Any CPU
		{2CB82152-DDDA-4219-8A04-D7866EEFDB9E}.Debug|Any CPU.Build.0 = Debug|Any CPU
		{2CB82152-DDDA-4219-8A04-D7866EEFDB9E}.Release|Any CPU.ActiveCfg = Release|Any CPU
		{2CB82152-DDDA-4219-8A04-D7866EEFDB9E}.Release|Any CPU.Build.0 = Release|Any CPU
		{32E5F202-EA99-4ED3-81E7-D44052661406}.Debug|Any CPU.ActiveCfg = Debug|Any CPU
		{32E5F202-EA99-4ED3-81E7-D44052661406}.Debug|Any CPU.Build.0 = Debug|Any CPU
		{32E5F202-EA99-4ED3-81E7-D44052661406}.Release|Any CPU.ActiveCfg = Release|Any CPU
		{32E5F202-EA99-4ED3-81E7-D44052661406}.Release|Any CPU.Build.0 = Release|Any CPU
		{D3488A3F-466A-4740-A645-43FCC7DE7BAA}.Debug|Any CPU.ActiveCfg = Debug|Any CPU
		{D3488A3F-466A-4740-A645-43FCC7DE7BAA}.Debug|Any CPU.Build.0 = Debug|Any CPU
		{D3488A3F-466A-4740-A645-43FCC7DE7BAA}.Release|Any CPU.ActiveCfg = Release|Any CPU
		{D3488A3F-466A-4740-A645-43FCC7DE7BAA}.Release|Any CPU.Build.0 = Release|Any CPU
	EndGlobalSection
EndGlobal
