
Microsoft Visual Studio Solution File, Format Version 12.00
Project("{FAE04EC0-301F-11D3-BF4B-00C04F79EFBC}") = "L01_Intro", "L01_Intro\L01_Intro.csproj", "{01792DBC-A881-454E-9AAE-95D4B8EFE2D1}"
EndProject
Global
	GlobalSection(SolutionConfigurationPlatforms) = preSolution
		Debug|Any CPU = Debug|Any CPU
		Release|Any CPU = Release|Any CPU
	EndGlobalSection
	GlobalSection(ProjectConfigurationPlatforms) = postSolution
		{01792DBC-A881-454E-9AAE-95D4B8EFE2D1}.Debug|Any CPU.ActiveCfg = Debug|Any CPU
		{01792DBC-A881-454E-9AAE-95D4B8EFE2D1}.Debug|Any CPU.Build.0 = Debug|Any CPU
		{01792DBC-A881-454E-9AAE-95D4B8EFE2D1}.Release|Any CPU.ActiveCfg = Release|Any CPU
		{01792DBC-A881-454E-9AAE-95D4B8EFE2D1}.Release|Any CPU.Build.0 = Release|Any CPU
	EndGlobalSection
EndGlobal
